// !$*UTF8*$!
{
	archiveVersion = 1;
	classes = {
	};
	objectVersion = 55;
	objects = {

/* Begin PBXBuildFile section */
		A7178E12281BB2A000E7F60E /* AdventCalendarApp.swift in Sources */ = {isa = PBXBuildFile; fileRef = A7178E11281BB2A000E7F60E /* AdventCalendarApp.swift */; };
		A7178E14281BB2A100E7F60E /* ContentView.swift in Sources */ = {isa = PBXBuildFile; fileRef = A7178E13281BB2A000E7F60E /* ContentView.swift */; };
		A7178E16281BB2A100E7F60E /* Assets.xcassets in Resources */ = {isa = PBXBuildFile; fileRef = A7178E15281BB2A100E7F60E /* Assets.xcassets */; };
		A7178E19281BB2A100E7F60E /* Preview Assets.xcassets in Resources */ = {isa = PBXBuildFile; fileRef = A7178E18281BB2A100E7F60E /* Preview Assets.xcassets */; };
		A7178E24281BB30800E7F60E /* ColorExtension.swift in Sources */ = {isa = PBXBuildFile; fileRef = A7178E23281BB30800E7F60E /* ColorExtension.swift */; };
		A7178E28281BB32800E7F60E /* SnapCarousel.swift in Sources */ = {isa = PBXBuildFile; fileRef = A7178E27281BB32800E7F60E /* SnapCarousel.swift */; };
		A7178E2A281BB33800E7F60E /* Home.swift in Sources */ = {isa = PBXBuildFile; fileRef = A7178E29281BB33800E7F60E /* Home.swift */; };
		A7178E2C281BB3B600E7F60E /* ViewExtension.swift in Sources */ = {isa = PBXBuildFile; fileRef = A7178E2B281BB3B600E7F60E /* ViewExtension.swift */; };
		A7178E2E281BB5F400E7F60E /* Gift.swift in Sources */ = {isa = PBXBuildFile; fileRef = A7178E2D281BB5F400E7F60E /* Gift.swift */; };
		A7178E33281D3F0400E7F60E /* Date.swift in Sources */ = {isa = PBXBuildFile; fileRef = A7178E32281D3F0400E7F60E /* Date.swift */; };
		A7178E35281D4EFC00E7F60E /* CardView.swift in Sources */ = {isa = PBXBuildFile; fileRef = A7178E34281D4EFC00E7F60E /* CardView.swift */; };
/* End PBXBuildFile section */

/* Begin PBXFileReference section */
		A7178E0E281BB2A000E7F60E /* AdventCalendar.app */ = {isa = PBXFileReference; explicitFileType = wrapper.application; includeInIndex = 0; path = AdventCalendar.app; sourceTree = BUILT_PRODUCTS_DIR; };
		A7178E11281BB2A000E7F60E /* AdventCalendarApp.swift */ = {isa = PBXFileReference; lastKnownFileType = sourcecode.swift; path = AdventCalendarApp.swift; sourceTree = "<group>"; };
		A7178E13281BB2A000E7F60E /* ContentView.swift */ = {isa = PBXFileReference; lastKnownFileType = sourcecode.swift; path = ContentView.swift; sourceTree = "<group>"; };
		A7178E15281BB2A100E7F60E /* Assets.xcassets */ = {isa = PBXFileReference; lastKnownFileType = folder.assetcatalog; path = Assets.xcassets; sourceTree = "<group>"; };
		A7178E18281BB2A100E7F60E /* Preview Assets.xcassets */ = {isa = PBXFileReference; lastKnownFileType = folder.assetcatalog; path = "Preview Assets.xcassets"; sourceTree = "<group>"; };
		A7178E23281BB30800E7F60E /* ColorExtension.swift */ = {isa = PBXFileReference; lastKnownFileType = sourcecode.swift; path = ColorExtension.swift; sourceTree = "<group>"; };
		A7178E27281BB32800E7F60E /* SnapCarousel.swift */ = {isa = PBXFileReference; lastKnownFileType = sourcecode.swift; path = SnapCarousel.swift; sourceTree = "<group>"; };
		A7178E29281BB33800E7F60E /* Home.swift */ = {isa = PBXFileReference; lastKnownFileType = sourcecode.swift; path = Home.swift; sourceTree = "<group>"; };
		A7178E2B281BB3B600E7F60E /* ViewExtension.swift */ = {isa = PBXFileReference; lastKnownFileType = sourcecode.swift; path = ViewExtension.swift; sourceTree = "<group>"; };
		A7178E2D281BB5F400E7F60E /* Gift.swift */ = {isa = PBXFileReference; lastKnownFileType = sourcecode.swift; path = Gift.swift; sourceTree = "<group>"; };
		A7178E32281D3F0400E7F60E /* Date.swift */ = {isa = PBXFileReference; lastKnownFileType = sourcecode.swift; path = Date.swift; sourceTree = "<group>"; };
		A7178E34281D4EFC00E7F60E /* CardView.swift */ = {isa = PBXFileReference; lastKnownFileType = sourcecode.swift; path = CardView.swift; sourceTree = "<group>"; };
/* End PBXFileReference section */

/* Begin PBXFrameworksBuildPhase section */
		A7178E0B281BB2A000E7F60E /* Frameworks */ = {
			isa = PBXFrameworksBuildPhase;
			buildActionMask = 2147483647;
			files = (
			);
			runOnlyForDeploymentPostprocessing = 0;
		};
/* End PBXFrameworksBuildPhase section */

/* Begin PBXGroup section */
		A7178E05281BB2A000E7F60E = {
			isa = PBXGroup;
			children = (
				A7178E10281BB2A000E7F60E /* AdventCalendar */,
				A7178E0F281BB2A000E7F60E /* Products */,
			);
			sourceTree = "<group>";
		};
		A7178E0F281BB2A000E7F60E /* Products */ = {
			isa = PBXGroup;
			children = (
				A7178E0E281BB2A000E7F60E /* AdventCalendar.app */,
			);
			name = Products;
			sourceTree = "<group>";
		};
		A7178E10281BB2A000E7F60E /* AdventCalendar */ = {
			isa = PBXGroup;
			children = (
				A7178E1F281BB2BA00E7F60E /* Helper */,
				A7178E21281BB2C800E7F60E /* Model */,
				A7178E20281BB2C200E7F60E /* View */,
				A7178E11281BB2A000E7F60E /* AdventCalendarApp.swift */,
				A7178E13281BB2A000E7F60E /* ContentView.swift */,
				A7178E15281BB2A100E7F60E /* Assets.xcassets */,
				A7178E17281BB2A100E7F60E /* Preview Content */,
			);
			path = AdventCalendar;
			sourceTree = "<group>";
		};
		A7178E17281BB2A100E7F60E /* Preview Content */ = {
			isa = PBXGroup;
			children = (
				A7178E18281BB2A100E7F60E /* Preview Assets.xcassets */,
			);
			path = "Preview Content";
			sourceTree = "<group>";
		};
		A7178E1F281BB2BA00E7F60E /* Helper */ = {
			isa = PBXGroup;
			children = (
				A7178E31281D3EF900E7F60E /* Util */,
				A7178E22281BB2D700E7F60E /* Extension */,
			);
			path = Helper;
			sourceTree = "<group>";
		};
		A7178E20281BB2C200E7F60E /* View */ = {
			isa = PBXGroup;
			children = (
				A7178E27281BB32800E7F60E /* SnapCarousel.swift */,
				A7178E29281BB33800E7F60E /* Home.swift */,
				A7178E34281D4EFC00E7F60E /* CardView.swift */,
			);
			path = View;
			sourceTree = "<group>";
		};
		A7178E21281BB2C800E7F60E /* Model */ = {
			isa = PBXGroup;
			children = (
				A7178E2D281BB5F400E7F60E /* Gift.swift */,
			);
			path = Model;
			sourceTree = "<group>";
		};
		A7178E22281BB2D700E7F60E /* Extension */ = {
			isa = PBXGroup;
			children = (
				A7178E23281BB30800E7F60E /* ColorExtension.swift */,
				A7178E2B281BB3B600E7F60E /* ViewExtension.swift */,
			);
			path = Extension;
			sourceTree = "<group>";
		};
		A7178E31281D3EF900E7F60E /* Util */ = {
			isa = PBXGroup;
			children = (
				A7178E32281D3F0400E7F60E /* Date.swift */,
			);
			path = Util;
			sourceTree = "<group>";
		};
/* End PBXGroup section */

/* Begin PBXNativeTarget section */
		A7178E0D281BB2A000E7F60E /* AdventCalendar */ = {
			isa = PBXNativeTarget;
			buildConfigurationList = A7178E1C281BB2A100E7F60E /* Build configuration list for PBXNativeTarget "AdventCalendar" */;
			buildPhases = (
				A7178E0A281BB2A000E7F60E /* Sources */,
				A7178E0B281BB2A000E7F60E /* Frameworks */,
				A7178E0C281BB2A000E7F60E /* Resources */,
			);
			buildRules = (
			);
			dependencies = (
			);
			name = AdventCalendar;
			productName = AdventCalendar;
			productReference = A7178E0E281BB2A000E7F60E /* AdventCalendar.app */;
			productType = "com.apple.product-type.application";
		};
/* End PBXNativeTarget section */

/* Begin PBXProject section */
		A7178E06281BB2A000E7F60E /* Project object */ = {
			isa = PBXProject;
			attributes = {
				BuildIndependentTargetsInParallel = 1;
				LastSwiftUpdateCheck = 1330;
				LastUpgradeCheck = 1330;
				TargetAttributes = {
					A7178E0D281BB2A000E7F60E = {
						CreatedOnToolsVersion = 13.3;
					};
				};
			};
			buildConfigurationList = A7178E09281BB2A000E7F60E /* Build configuration list for PBXProject "AdventCalendar" */;
			compatibilityVersion = "Xcode 13.0";
			developmentRegion = en;
			hasScannedForEncodings = 0;
			knownRegions = (
				en,
				Base,
			);
			mainGroup = A7178E05281BB2A000E7F60E;
			productRefGroup = A7178E0F281BB2A000E7F60E /* Products */;
			projectDirPath = "";
			projectRoot = "";
			targets = (
				A7178E0D281BB2A000E7F60E /* AdventCalendar */,
			);
		};
/* End PBXProject section */

/* Begin PBXResourcesBuildPhase section */
		A7178E0C281BB2A000E7F60E /* Resources */ = {
			isa = PBXResourcesBuildPhase;
			buildActionMask = 2147483647;
			files = (
				A7178E19281BB2A100E7F60E /* Preview Assets.xcassets in Resources */,
				A7178E16281BB2A100E7F60E /* Assets.xcassets in Resources */,
			);
			runOnlyForDeploymentPostprocessing = 0;
		};
/* End PBXResourcesBuildPhase section */

/* Begin PBXSourcesBuildPhase section */
		A7178E0A281BB2A000E7F60E /* Sources */ = {
			isa = PBXSourcesBuildPhase;
			buildActionMask = 2147483647;
			files = (
				A7178E2C281BB3B600E7F60E /* ViewExtension.swift in Sources */,
				A7178E35281D4EFC00E7F60E /* CardView.swift in Sources */,
				A7178E24281BB30800E7F60E /* ColorExtension.swift in Sources */,
				A7178E2E281BB5F400E7F60E /* Gift.swift in Sources */,
				A7178E14281BB2A100E7F60E /* ContentView.swift in Sources */,
				A7178E2A281BB33800E7F60E /* Home.swift in Sources */,
				A7178E12281BB2A000E7F60E /* AdventCalendarApp.swift in Sources */,
				A7178E33281D3F0400E7F60E /* Date.swift in Sources */,
				A7178E28281BB32800E7F60E /* SnapCarousel.swift in Sources */,
			);
			runOnlyForDeploymentPostprocessing = 0;
		};
/* End PBXSourcesBuildPhase section */

/* Begin XCBuildConfiguration section */
		A7178E1A281BB2A100E7F60E /* Debug */ = {
			isa = XCBuildConfiguration;
			buildSettings = {
				ALWAYS_SEARCH_USER_PATHS = NO;
				CLANG_ANALYZER_NONNULL = YES;
				CLANG_ANALYZER_NUMBER_OBJECT_CONVERSION = YES_AGGRESSIVE;
				CLANG_CXX_LANGUAGE_STANDARD = "gnu++17";
				CLANG_ENABLE_MODULES = YES;
				CLANG_ENABLE_OBJC_ARC = YES;
				CLANG_ENABLE_OBJC_WEAK = YES;
				CLANG_WARN_BLOCK_CAPTURE_AUTORELEASING = YES;
				CLANG_WARN_BOOL_CONVERSION = YES;
				CLANG_WARN_COMMA = YES;
				CLANG_WARN_CONSTANT_CONVERSION = YES;
				CLANG_WARN_DEPRECATED_OBJC_IMPLEMENTATIONS = YES;
				CLANG_WARN_DIRECT_OBJC_ISA_USAGE = YES_ERROR;
				CLANG_WARN_DOCUMENTATION_COMMENTS = YES;
				CLANG_WARN_EMPTY_BODY = YES;
				CLANG_WARN_ENUM_CONVERSION = YES;
				CLANG_WARN_INFINITE_RECURSION = YES;
				CLANG_WARN_INT_CONVERSION = YES;
				CLANG_WARN_NON_LITERAL_NULL_CONVERSION = YES;
				CLANG_WARN_OBJC_IMPLICIT_RETAIN_SELF = YES;
				CLANG_WARN_OBJC_LITERAL_CONVERSION = YES;
				CLANG_WARN_OBJC_ROOT_CLASS = YES_ERROR;
				CLANG_WARN_QUOTED_INCLUDE_IN_FRAMEWORK_HEADER = YES;
				CLANG_WARN_RANGE_LOOP_ANALYSIS = YES;
				CLANG_WARN_STRICT_PROTOTYPES = YES;
				CLANG_WARN_SUSPICIOUS_MOVE = YES;
				CLANG_WARN_UNGUARDED_AVAILABILITY = YES_AGGRESSIVE;
				CLANG_WARN_UNREACHABLE_CODE = YES;
				CLANG_WARN__DUPLICATE_METHOD_MATCH = YES;
				COPY_PHASE_STRIP = NO;
				DEBUG_INFORMATION_FORMAT = dwarf;
				ENABLE_STRICT_OBJC_MSGSEND = YES;
				ENABLE_TESTABILITY = YES;
				GCC_C_LANGUAGE_STANDARD = gnu11;
				GCC_DYNAMIC_NO_PIC = NO;
				GCC_NO_COMMON_BLOCKS = YES;
				GCC_OPTIMIZATION_LEVEL = 0;
				GCC_PREPROCESSOR_DEFINITIONS = (
					"DEBUG=1",
					"$(inherited)",
				);
				GCC_WARN_64_TO_32_BIT_CONVERSION = YES;
				GCC_WARN_ABOUT_RETURN_TYPE = YES_ERROR;
				GCC_WARN_UNDECLARED_SELECTOR = YES;
				GCC_WARN_UNINITIALIZED_AUTOS = YES_AGGRESSIVE;
				GCC_WARN_UNUSED_FUNCTION = YES;
				GCC_WARN_UNUSED_VARIABLE = YES;
				IPHONEOS_DEPLOYMENT_TARGET = 15.4;
				MTL_ENABLE_DEBUG_INFO = INCLUDE_SOURCE;
				MTL_FAST_MATH = YES;
				ONLY_ACTIVE_ARCH = YES;
				SDKROOT = iphoneos;
				SWIFT_ACTIVE_COMPILATION_CONDITIONS = DEBUG;
				SWIFT_OPTIMIZATION_LEVEL = "-Onone";
			};
			name = Debug;
		};
		A7178E1B281BB2A100E7F60E /* Release */ = {
			isa = XCBuildConfiguration;
			buildSettings = {
				ALWAYS_SEARCH_USER_PATHS = NO;
				CLANG_ANALYZER_NONNULL = YES;
				CLANG_ANALYZER_NUMBER_OBJECT_CONVERSION = YES_AGGRESSIVE;
				CLANG_CXX_LANGUAGE_STANDARD = "gnu++17";
				CLANG_ENABLE_MODULES = YES;
				CLANG_ENABLE_OBJC_ARC = YES;
				CLANG_ENABLE_OBJC_WEAK = YES;
				CLANG_WARN_BLOCK_CAPTURE_AUTORELEASING = YES;
				CLANG_WARN_BOOL_CONVERSION = YES;
				CLANG_WARN_COMMA = YES;
				CLANG_WARN_CONSTANT_CONVERSION = YES;
				CLANG_WARN_DEPRECATED_OBJC_IMPLEMENTATIONS = YES;
				CLANG_WARN_DIRECT_OBJC_ISA_USAGE = YES_ERROR;
				CLANG_WARN_DOCUMENTATION_COMMENTS = YES;
				CLANG_WARN_EMPTY_BODY = YES;
				CLANG_WARN_ENUM_CONVERSION = YES;
				CLANG_WARN_INFINITE_RECURSION = YES;
				CLANG_WARN_INT_CONVERSION = YES;
				CLANG_WARN_NON_LITERAL_NULL_CONVERSION = YES;
				CLANG_WARN_OBJC_IMPLICIT_RETAIN_SELF = YES;
				CLANG_WARN_OBJC_LITERAL_CONVERSION = YES;
				CLANG_WARN_OBJC_ROOT_CLASS = YES_ERROR;
				CLANG_WARN_QUOTED_INCLUDE_IN_FRAMEWORK_HEADER = YES;
				CLANG_WARN_RANGE_LOOP_ANALYSIS = YES;
				CLANG_WARN_STRICT_PROTOTYPES = YES;
				CLANG_WARN_SUSPICIOUS_MOVE = YES;
				CLANG_WARN_UNGUARDED_AVAILABILITY = YES_AGGRESSIVE;
				CLANG_WARN_UNREACHABLE_CODE = YES;
				CLANG_WARN__DUPLICATE_METHOD_MATCH = YES;
				COPY_PHASE_STRIP = NO;
				DEBUG_INFORMATION_FORMAT = "dwarf-with-dsym";
				ENABLE_NS_ASSERTIONS = NO;
				ENABLE_STRICT_OBJC_MSGSEND = YES;
				GCC_C_LANGUAGE_STANDARD = gnu11;
				GCC_NO_COMMON_BLOCKS = YES;
				GCC_WARN_64_TO_32_BIT_CONVERSION = YES;
				GCC_WARN_ABOUT_RETURN_TYPE = YES_ERROR;
				GCC_WARN_UNDECLARED_SELECTOR = YES;
				GCC_WARN_UNINITIALIZED_AUTOS = YES_AGGRESSIVE;
				GCC_WARN_UNUSED_FUNCTION = YES;
				GCC_WARN_UNUSED_VARIABLE = YES;
				IPHONEOS_DEPLOYMENT_TARGET = 15.4;
				MTL_ENABLE_DEBUG_INFO = NO;
				MTL_FAST_MATH = YES;
				SDKROOT = iphoneos;
				SWIFT_COMPILATION_MODE = wholemodule;
				SWIFT_OPTIMIZATION_LEVEL = "-O";
				VALIDATE_PRODUCT = YES;
			};
			name = Release;
		};
		A7178E1D281BB2A100E7F60E /* Debug */ = {
			isa = XCBuildConfiguration;
			buildSettings = {
				ASSETCATALOG_COMPILER_APPICON_NAME = AppIcon;
				ASSETCATALOG_COMPILER_GLOBAL_ACCENT_COLOR_NAME = AccentColor;
				CODE_SIGN_STYLE = Automatic;
				CURRENT_PROJECT_VERSION = 1;
				DEVELOPMENT_ASSET_PATHS = "\"AdventCalendar/Preview Content\"";
				DEVELOPMENT_TEAM = 562Z37RH3N;
				ENABLE_PREVIEWS = YES;
				GENERATE_INFOPLIST_FILE = YES;
				INFOPLIST_KEY_UIApplicationSceneManifest_Generation = YES;
				INFOPLIST_KEY_UIApplicationSupportsIndirectInputEvents = YES;
				INFOPLIST_KEY_UILaunchScreen_Generation = YES;
				INFOPLIST_KEY_UISupportedInterfaceOrientations_iPad = "UIInterfaceOrientationPortrait UIInterfaceOrientationPortraitUpsideDown UIInterfaceOrientationLandscapeLeft UIInterfaceOrientationLandscapeRight";
				INFOPLIST_KEY_UISupportedInterfaceOrientations_iPhone = "UIInterfaceOrientationPortrait UIInterfaceOrientationLandscapeLeft UIInterfaceOrientationLandscapeRight";
				LD_RUNPATH_SEARCH_PATHS = (
					"$(inherited)",
					"@executable_path/Frameworks",
				);
				MARKETING_VERSION = 1.0;
				PRODUCT_BUNDLE_IDENTIFIER = com.chanheejeong.AdventCalendar;
				PRODUCT_NAME = "$(TARGET_NAME)";
				SWIFT_EMIT_LOC_STRINGS = YES;
				SWIFT_VERSION = 5.0;
				TARGETED_DEVICE_FAMILY = "1,2";
			};
			name = Debug;
		};
		A7178E1E281BB2A100E7F60E /* Release */ = {
			isa = XCBuildConfiguration;
			buildSettings = {
				ASSETCATALOG_COMPILER_APPICON_NAME = AppIcon;
				ASSETCATALOG_COMPILER_GLOBAL_ACCENT_COLOR_NAME = AccentColor;
				CODE_SIGN_STYLE = Automatic;
				CURRENT_PROJECT_VERSION = 1;
				DEVELOPMENT_ASSET_PATHS = "\"AdventCalendar/Preview Content\"";
				DEVELOPMENT_TEAM = 562Z37RH3N;
				ENABLE_PREVIEWS = YES;
				GENERATE_INFOPLIST_FILE = YES;
				INFOPLIST_KEY_UIApplicationSceneManifest_Generation = YES;
				INFOPLIST_KEY_UIApplicationSupportsIndirectInputEvents = YES;
				INFOPLIST_KEY_UILaunchScreen_Generation = YES;
				INFOPLIST_KEY_UISupportedInterfaceOrientations_iPad = "UIInterfaceOrientationPortrait UIInterfaceOrientationPortraitUpsideDown UIInterfaceOrientationLandscapeLeft UIInterfaceOrientationLandscapeRight";
				INFOPLIST_KEY_UISupportedInterfaceOrientations_iPhone = "UIInterfaceOrientationPortrait UIInterfaceOrientationLandscapeLeft UIInterfaceOrientationLandscapeRight";
				LD_RUNPATH_SEARCH_PATHS = (
					"$(inherited)",
					"@executable_path/Frameworks",
				);
				MARKETING_VERSION = 1.0;
				PRODUCT_BUNDLE_IDENTIFIER = com.chanheejeong.AdventCalendar;
				PRODUCT_NAME = "$(TARGET_NAME)";
				SWIFT_EMIT_LOC_STRINGS = YES;
				SWIFT_VERSION = 5.0;
				TARGETED_DEVICE_FAMILY = "1,2";
			};
			name = Release;
		};
/* End XCBuildConfiguration section */

/* Begin XCConfigurationList section */
		A7178E09281BB2A000E7F60E /* Build configuration list for PBXProject "AdventCalendar" */ = {
			isa = XCConfigurationList;
			buildConfigurations = (
				A7178E1A281BB2A100E7F60E /* Debug */,
				A7178E1B281BB2A100E7F60E /* Release */,
			);
			defaultConfigurationIsVisible = 0;
			defaultConfigurationName = Release;
		};
		A7178E1C281BB2A100E7F60E /* Build configuration list for PBXNativeTarget "AdventCalendar" */ = {
			isa = XCConfigurationList;
			buildConfigurations = (
				A7178E1D281BB2A100E7F60E /* Debug */,
				A7178E1E281BB2A100E7F60E /* Release */,
			);
			defaultConfigurationIsVisible = 0;
			defaultConfigurationName = Release;
		};
/* End XCConfigurationList section */
	};
	rootObject = A7178E06281BB2A000E7F60E /* Project object */;
}
